// !$*UTF8*$!
{
	archiveVersion = 1;
	classes = {
	};
	objectVersion = 56;
	objects = {

/* Begin PBXBuildFile section */
		B63E897C2A497A20008EA14E /* AppDelegate.swift in Sources */ = {isa = PBXBuildFile; fileRef = B63E897B2A497A20008EA14E /* AppDelegate.swift */; };
		B63E897E2A497A20008EA14E /* SceneDelegate.swift in Sources */ = {isa = PBXBuildFile; fileRef = B63E897D2A497A20008EA14E /* SceneDelegate.swift */; };
		B63E89862A497A20008EA14E /* todo.xcdatamodeld in Sources */ = {isa = PBXBuildFile; fileRef = B63E89842A497A20008EA14E /* todo.xcdatamodeld */; };
		B63E89882A497A22008EA14E /* Assets.xcassets in Resources */ = {isa = PBXBuildFile; fileRef = B63E89872A497A22008EA14E /* Assets.xcassets */; };
		B63E898B2A497A22008EA14E /* LaunchScreen.storyboard in Resources */ = {isa = PBXBuildFile; fileRef = B63E89892A497A22008EA14E /* LaunchScreen.storyboard */; };
		B63E89962A497A22008EA14E /* todoTests.swift in Sources */ = {isa = PBXBuildFile; fileRef = B63E89952A497A22008EA14E /* todoTests.swift */; };
		B63E89A02A497A22008EA14E /* todoUITests.swift in Sources */ = {isa = PBXBuildFile; fileRef = B63E899F2A497A22008EA14E /* todoUITests.swift */; };
		B63E89A22A497A22008EA14E /* todoUITestsLaunchTests.swift in Sources */ = {isa = PBXBuildFile; fileRef = B63E89A12A497A22008EA14E /* todoUITestsLaunchTests.swift */; };
		B63E89D72A498227008EA14E /* ListItemRepository.swift in Sources */ = {isa = PBXBuildFile; fileRef = B63E89B02A498226008EA14E /* ListItemRepository.swift */; };
		B63E89D82A498227008EA14E /* HomeAssembly.swift in Sources */ = {isa = PBXBuildFile; fileRef = B63E89B32A498226008EA14E /* HomeAssembly.swift */; };
		B63E89D92A498227008EA14E /* HomeViewModel.swift in Sources */ = {isa = PBXBuildFile; fileRef = B63E89B42A498226008EA14E /* HomeViewModel.swift */; };
		B63E89DA2A498227008EA14E /* HomeView.swift in Sources */ = {isa = PBXBuildFile; fileRef = B63E89B52A498226008EA14E /* HomeView.swift */; };
		B63E89DB2A498227008EA14E /* HomeViewController.swift in Sources */ = {isa = PBXBuildFile; fileRef = B63E89B62A498226008EA14E /* HomeViewController.swift */; };
		B63E89DC2A498227008EA14E /* ListDetailView.swift in Sources */ = {isa = PBXBuildFile; fileRef = B63E89B82A498226008EA14E /* ListDetailView.swift */; };
		B63E89DD2A498227008EA14E /* ListDetailAssembly.swift in Sources */ = {isa = PBXBuildFile; fileRef = B63E89B92A498226008EA14E /* ListDetailAssembly.swift */; };
		B63E89DE2A498227008EA14E /* ListDetailViewModel.swift in Sources */ = {isa = PBXBuildFile; fileRef = B63E89BA2A498226008EA14E /* ListDetailViewModel.swift */; };
		B63E89DF2A498227008EA14E /* ListDetailViewController.swift in Sources */ = {isa = PBXBuildFile; fileRef = B63E89BB2A498226008EA14E /* ListDetailViewController.swift */; };
		B63E89E02A498227008EA14E /* ListOptionViewController.swift in Sources */ = {isa = PBXBuildFile; fileRef = B63E89BD2A498226008EA14E /* ListOptionViewController.swift */; };
		B63E89E12A498227008EA14E /* ListOptionViewModel.swift in Sources */ = {isa = PBXBuildFile; fileRef = B63E89BE2A498226008EA14E /* ListOptionViewModel.swift */; };
		B63E89E22A498227008EA14E /* ListOptionView.swift in Sources */ = {isa = PBXBuildFile; fileRef = B63E89BF2A498226008EA14E /* ListOptionView.swift */; };
		B63E89E32A498227008EA14E /* SettingViewController.swift in Sources */ = {isa = PBXBuildFile; fileRef = B63E89C12A498226008EA14E /* SettingViewController.swift */; };
		B63E89E42A498227008EA14E /* SettingViewModel.swift in Sources */ = {isa = PBXBuildFile; fileRef = B63E89C22A498226008EA14E /* SettingViewModel.swift */; };
		B63E89E52A498227008EA14E /* SettingView.swift in Sources */ = {isa = PBXBuildFile; fileRef = B63E89C32A498226008EA14E /* SettingView.swift */; };
		B63E89E62A498227008EA14E /* CreateListItemService.swift in Sources */ = {isa = PBXBuildFile; fileRef = B63E89C62A498226008EA14E /* CreateListItemService.swift */; };
		B63E89E72A498227008EA14E /* FetchListItemsService.swift in Sources */ = {isa = PBXBuildFile; fileRef = B63E89C72A498226008EA14E /* FetchListItemsService.swift */; };
		B63E89E82A498227008EA14E /* DeleteListItemService.swift in Sources */ = {isa = PBXBuildFile; fileRef = B63E89C82A498226008EA14E /* DeleteListItemService.swift */; };
		B63E89E92A498227008EA14E /* ChangeListItemService.swift in Sources */ = {isa = PBXBuildFile; fileRef = B63E89C92A498226008EA14E /* ChangeListItemService.swift */; };
		B63E89EA2A498227008EA14E /* ListItemModelProtocol.swift in Sources */ = {isa = PBXBuildFile; fileRef = B63E89CB2A498226008EA14E /* ListItemModelProtocol.swift */; };
		B63E89EB2A498227008EA14E /* ListItemModel.swift in Sources */ = {isa = PBXBuildFile; fileRef = B63E89CC2A498226008EA14E /* ListItemModel.swift */; };
		B63E89EC2A498227008EA14E /* Palette.swift in Sources */ = {isa = PBXBuildFile; fileRef = B63E89CE2A498226008EA14E /* Palette.swift */; };
		B63E89ED2A498227008EA14E /* CoreDataStack.swift in Sources */ = {isa = PBXBuildFile; fileRef = B63E89D02A498227008EA14E /* CoreDataStack.swift */; };
		B63E89EE2A498227008EA14E /* CoreDataModel.xcdatamodeld in Sources */ = {isa = PBXBuildFile; fileRef = B63E89D12A498227008EA14E /* CoreDataModel.xcdatamodeld */; };
		B63E89EF2A498227008EA14E /* ListMO+CoreDataClass.swift in Sources */ = {isa = PBXBuildFile; fileRef = B63E89D32A498227008EA14E /* ListMO+CoreDataClass.swift */; };
		B63E89F02A498227008EA14E /* ListMO+CoreDataProperties.swift in Sources */ = {isa = PBXBuildFile; fileRef = B63E89D42A498227008EA14E /* ListMO+CoreDataProperties.swift */; };
		B63E89F12A498227008EA14E /* TabbarController.swift in Sources */ = {isa = PBXBuildFile; fileRef = B63E89D62A498227008EA14E /* TabbarController.swift */; };
		B6E8CFE92A499564007FFB1E /* Components in Frameworks */ = {isa = PBXBuildFile; productRef = B6E8CFE82A499564007FFB1E /* Components */; };
		B6E8CFF22A49A9A5007FFB1E /* CreateTaskService.swift in Sources */ = {isa = PBXBuildFile; fileRef = B6E8CFF12A49A9A5007FFB1E /* CreateTaskService.swift */; };
		B6E8CFF42A49A9D5007FFB1E /* TaskModelProtocol.swift in Sources */ = {isa = PBXBuildFile; fileRef = B6E8CFF32A49A9D5007FFB1E /* TaskModelProtocol.swift */; };
		B6E8CFF62A49AC21007FFB1E /* TaskModel.swift in Sources */ = {isa = PBXBuildFile; fileRef = B6E8CFF52A49AC21007FFB1E /* TaskModel.swift */; };
		B6E8CFF82A49ADA5007FFB1E /* FetchTaskService.swift in Sources */ = {isa = PBXBuildFile; fileRef = B6E8CFF72A49ADA5007FFB1E /* FetchTaskService.swift */; };
		B6E8CFFA2A49B09A007FFB1E /* TaskRepository.swift in Sources */ = {isa = PBXBuildFile; fileRef = B6E8CFF92A49B09A007FFB1E /* TaskRepository.swift */; };
		B6E8CFFD2A49B7F9007FFB1E /* TaskMO+CoreDataClass.swift in Sources */ = {isa = PBXBuildFile; fileRef = B6E8CFFB2A49B7F9007FFB1E /* TaskMO+CoreDataClass.swift */; };
		B6E8CFFE2A49B7F9007FFB1E /* TaskMO+CoreDataProperties.swift in Sources */ = {isa = PBXBuildFile; fileRef = B6E8CFFC2A49B7F9007FFB1E /* TaskMO+CoreDataProperties.swift */; };
		B6E8D0002A49C285007FFB1E /* TasksView.swift in Sources */ = {isa = PBXBuildFile; fileRef = B6E8CFFF2A49C285007FFB1E /* TasksView.swift */; };
		B6E8D0022A49DD45007FFB1E /* DeleteTaskService.swift in Sources */ = {isa = PBXBuildFile; fileRef = B6E8D0012A49DD45007FFB1E /* DeleteTaskService.swift */; };
		B6E8D0042A49E5AB007FFB1E /* ChangeTaskService.swift in Sources */ = {isa = PBXBuildFile; fileRef = B6E8D0032A49E5AB007FFB1E /* ChangeTaskService.swift */; };
		B6E8D0062A49F912007FFB1E /* TaskItemView.swift in Sources */ = {isa = PBXBuildFile; fileRef = B6E8D0052A49F912007FFB1E /* TaskItemView.swift */; };
		B6E8D0092A4AB985007FFB1E /* TaskDetailViewModel.swift in Sources */ = {isa = PBXBuildFile; fileRef = B6E8D0082A4AB985007FFB1E /* TaskDetailViewModel.swift */; };
		B6E8D00B2A4AB997007FFB1E /* TaskDetailViewController.swift in Sources */ = {isa = PBXBuildFile; fileRef = B6E8D00A2A4AB997007FFB1E /* TaskDetailViewController.swift */; };
		B6E8D00D2A4AB9A5007FFB1E /* TaskDetailView.swift in Sources */ = {isa = PBXBuildFile; fileRef = B6E8D00C2A4AB9A5007FFB1E /* TaskDetailView.swift */; };
		B6E8D00F2A4AB9C7007FFB1E /* TaskDetailAssembly.swift in Sources */ = {isa = PBXBuildFile; fileRef = B6E8D00E2A4AB9C7007FFB1E /* TaskDetailAssembly.swift */; };
/* End PBXBuildFile section */

/* Begin PBXContainerItemProxy section */
		B63E89922A497A22008EA14E /* PBXContainerItemProxy */ = {
			isa = PBXContainerItemProxy;
			containerPortal = B63E89702A497A20008EA14E /* Project object */;
			proxyType = 1;
			remoteGlobalIDString = B63E89772A497A20008EA14E;
			remoteInfo = todo;
		};
		B63E899C2A497A22008EA14E /* PBXContainerItemProxy */ = {
			isa = PBXContainerItemProxy;
			containerPortal = B63E89702A497A20008EA14E /* Project object */;
			proxyType = 1;
			remoteGlobalIDString = B63E89772A497A20008EA14E;
			remoteInfo = todo;
		};
/* End PBXContainerItemProxy section */

/* Begin PBXFileReference section */
		B63E89782A497A20008EA14E /* todo.app */ = {isa = PBXFileReference; explicitFileType = wrapper.application; includeInIndex = 0; path = todo.app; sourceTree = BUILT_PRODUCTS_DIR; };
		B63E897B2A497A20008EA14E /* AppDelegate.swift */ = {isa = PBXFileReference; lastKnownFileType = sourcecode.swift; path = AppDelegate.swift; sourceTree = "<group>"; };
		B63E897D2A497A20008EA14E /* SceneDelegate.swift */ = {isa = PBXFileReference; lastKnownFileType = sourcecode.swift; path = SceneDelegate.swift; sourceTree = "<group>"; };
		B63E89852A497A20008EA14E /* todo.xcdatamodel */ = {isa = PBXFileReference; lastKnownFileType = wrapper.xcdatamodel; path = todo.xcdatamodel; sourceTree = "<group>"; };
		B63E89872A497A22008EA14E /* Assets.xcassets */ = {isa = PBXFileReference; lastKnownFileType = folder.assetcatalog; path = Assets.xcassets; sourceTree = "<group>"; };
		B63E898A2A497A22008EA14E /* Base */ = {isa = PBXFileReference; lastKnownFileType = file.storyboard; name = Base; path = Base.lproj/LaunchScreen.storyboard; sourceTree = "<group>"; };
		B63E898C2A497A22008EA14E /* Info.plist */ = {isa = PBXFileReference; lastKnownFileType = text.plist.xml; path = Info.plist; sourceTree = "<group>"; };
		B63E89912A497A22008EA14E /* todoTests.xctest */ = {isa = PBXFileReference; explicitFileType = wrapper.cfbundle; includeInIndex = 0; path = todoTests.xctest; sourceTree = BUILT_PRODUCTS_DIR; };
		B63E89952A497A22008EA14E /* todoTests.swift */ = {isa = PBXFileReference; lastKnownFileType = sourcecode.swift; path = todoTests.swift; sourceTree = "<group>"; };
		B63E899B2A497A22008EA14E /* todoUITests.xctest */ = {isa = PBXFileReference; explicitFileType = wrapper.cfbundle; includeInIndex = 0; path = todoUITests.xctest; sourceTree = BUILT_PRODUCTS_DIR; };
		B63E899F2A497A22008EA14E /* todoUITests.swift */ = {isa = PBXFileReference; lastKnownFileType = sourcecode.swift; path = todoUITests.swift; sourceTree = "<group>"; };
		B63E89A12A497A22008EA14E /* todoUITestsLaunchTests.swift */ = {isa = PBXFileReference; lastKnownFileType = sourcecode.swift; path = todoUITestsLaunchTests.swift; sourceTree = "<group>"; };
		B63E89B02A498226008EA14E /* ListItemRepository.swift */ = {isa = PBXFileReference; fileEncoding = 4; lastKnownFileType = sourcecode.swift; path = ListItemRepository.swift; sourceTree = "<group>"; };
		B63E89B32A498226008EA14E /* HomeAssembly.swift */ = {isa = PBXFileReference; fileEncoding = 4; lastKnownFileType = sourcecode.swift; path = HomeAssembly.swift; sourceTree = "<group>"; };
		B63E89B42A498226008EA14E /* HomeViewModel.swift */ = {isa = PBXFileReference; fileEncoding = 4; lastKnownFileType = sourcecode.swift; path = HomeViewModel.swift; sourceTree = "<group>"; };
		B63E89B52A498226008EA14E /* HomeView.swift */ = {isa = PBXFileReference; fileEncoding = 4; lastKnownFileType = sourcecode.swift; path = HomeView.swift; sourceTree = "<group>"; };
		B63E89B62A498226008EA14E /* HomeViewController.swift */ = {isa = PBXFileReference; fileEncoding = 4; lastKnownFileType = sourcecode.swift; path = HomeViewController.swift; sourceTree = "<group>"; };
		B63E89B82A498226008EA14E /* ListDetailView.swift */ = {isa = PBXFileReference; fileEncoding = 4; lastKnownFileType = sourcecode.swift; path = ListDetailView.swift; sourceTree = "<group>"; };
		B63E89B92A498226008EA14E /* ListDetailAssembly.swift */ = {isa = PBXFileReference; fileEncoding = 4; lastKnownFileType = sourcecode.swift; path = ListDetailAssembly.swift; sourceTree = "<group>"; };
		B63E89BA2A498226008EA14E /* ListDetailViewModel.swift */ = {isa = PBXFileReference; fileEncoding = 4; lastKnownFileType = sourcecode.swift; path = ListDetailViewModel.swift; sourceTree = "<group>"; };
		B63E89BB2A498226008EA14E /* ListDetailViewController.swift */ = {isa = PBXFileReference; fileEncoding = 4; lastKnownFileType = sourcecode.swift; path = ListDetailViewController.swift; sourceTree = "<group>"; };
		B63E89BD2A498226008EA14E /* ListOptionViewController.swift */ = {isa = PBXFileReference; fileEncoding = 4; lastKnownFileType = sourcecode.swift; path = ListOptionViewController.swift; sourceTree = "<group>"; };
		B63E89BE2A498226008EA14E /* ListOptionViewModel.swift */ = {isa = PBXFileReference; fileEncoding = 4; lastKnownFileType = sourcecode.swift; path = ListOptionViewModel.swift; sourceTree = "<group>"; };
		B63E89BF2A498226008EA14E /* ListOptionView.swift */ = {isa = PBXFileReference; fileEncoding = 4; lastKnownFileType = sourcecode.swift; path = ListOptionView.swift; sourceTree = "<group>"; };
		B63E89C12A498226008EA14E /* SettingViewController.swift */ = {isa = PBXFileReference; fileEncoding = 4; lastKnownFileType = sourcecode.swift; path = SettingViewController.swift; sourceTree = "<group>"; };
		B63E89C22A498226008EA14E /* SettingViewModel.swift */ = {isa = PBXFileReference; fileEncoding = 4; lastKnownFileType = sourcecode.swift; path = SettingViewModel.swift; sourceTree = "<group>"; };
		B63E89C32A498226008EA14E /* SettingView.swift */ = {isa = PBXFileReference; fileEncoding = 4; lastKnownFileType = sourcecode.swift; path = SettingView.swift; sourceTree = "<group>"; };
		B63E89C62A498226008EA14E /* CreateListItemService.swift */ = {isa = PBXFileReference; fileEncoding = 4; lastKnownFileType = sourcecode.swift; path = CreateListItemService.swift; sourceTree = "<group>"; };
		B63E89C72A498226008EA14E /* FetchListItemsService.swift */ = {isa = PBXFileReference; fileEncoding = 4; lastKnownFileType = sourcecode.swift; path = FetchListItemsService.swift; sourceTree = "<group>"; };
		B63E89C82A498226008EA14E /* DeleteListItemService.swift */ = {isa = PBXFileReference; fileEncoding = 4; lastKnownFileType = sourcecode.swift; path = DeleteListItemService.swift; sourceTree = "<group>"; };
		B63E89C92A498226008EA14E /* ChangeListItemService.swift */ = {isa = PBXFileReference; fileEncoding = 4; lastKnownFileType = sourcecode.swift; path = ChangeListItemService.swift; sourceTree = "<group>"; };
		B63E89CB2A498226008EA14E /* ListItemModelProtocol.swift */ = {isa = PBXFileReference; fileEncoding = 4; lastKnownFileType = sourcecode.swift; path = ListItemModelProtocol.swift; sourceTree = "<group>"; };
		B63E89CC2A498226008EA14E /* ListItemModel.swift */ = {isa = PBXFileReference; fileEncoding = 4; lastKnownFileType = sourcecode.swift; path = ListItemModel.swift; sourceTree = "<group>"; };
		B63E89CE2A498226008EA14E /* Palette.swift */ = {isa = PBXFileReference; fileEncoding = 4; lastKnownFileType = sourcecode.swift; path = Palette.swift; sourceTree = "<group>"; };
		B63E89D02A498227008EA14E /* CoreDataStack.swift */ = {isa = PBXFileReference; fileEncoding = 4; lastKnownFileType = sourcecode.swift; path = CoreDataStack.swift; sourceTree = "<group>"; };
		B63E89D22A498227008EA14E /* CoreDataModel.xcdatamodel */ = {isa = PBXFileReference; lastKnownFileType = wrapper.xcdatamodel; path = CoreDataModel.xcdatamodel; sourceTree = "<group>"; };
		B63E89D32A498227008EA14E /* ListMO+CoreDataClass.swift */ = {isa = PBXFileReference; fileEncoding = 4; lastKnownFileType = sourcecode.swift; path = "ListMO+CoreDataClass.swift"; sourceTree = "<group>"; };
		B63E89D42A498227008EA14E /* ListMO+CoreDataProperties.swift */ = {isa = PBXFileReference; fileEncoding = 4; lastKnownFileType = sourcecode.swift; path = "ListMO+CoreDataProperties.swift"; sourceTree = "<group>"; };
		B63E89D62A498227008EA14E /* TabbarController.swift */ = {isa = PBXFileReference; fileEncoding = 4; lastKnownFileType = sourcecode.swift; path = TabbarController.swift; sourceTree = "<group>"; };
		B6E8CFE12A499198007FFB1E /* Components */ = {isa = PBXFileReference; lastKnownFileType = wrapper; path = Components; sourceTree = "<group>"; };
		B6E8CFF12A49A9A5007FFB1E /* CreateTaskService.swift */ = {isa = PBXFileReference; lastKnownFileType = sourcecode.swift; path = CreateTaskService.swift; sourceTree = "<group>"; };
		B6E8CFF32A49A9D5007FFB1E /* TaskModelProtocol.swift */ = {isa = PBXFileReference; lastKnownFileType = sourcecode.swift; path = TaskModelProtocol.swift; sourceTree = "<group>"; };
		B6E8CFF52A49AC21007FFB1E /* TaskModel.swift */ = {isa = PBXFileReference; lastKnownFileType = sourcecode.swift; path = TaskModel.swift; sourceTree = "<group>"; };
		B6E8CFF72A49ADA5007FFB1E /* FetchTaskService.swift */ = {isa = PBXFileReference; lastKnownFileType = sourcecode.swift; path = FetchTaskService.swift; sourceTree = "<group>"; };
		B6E8CFF92A49B09A007FFB1E /* TaskRepository.swift */ = {isa = PBXFileReference; lastKnownFileType = sourcecode.swift; path = TaskRepository.swift; sourceTree = "<group>"; };
		B6E8CFFB2A49B7F9007FFB1E /* TaskMO+CoreDataClass.swift */ = {isa = PBXFileReference; lastKnownFileType = sourcecode.swift; path = "TaskMO+CoreDataClass.swift"; sourceTree = "<group>"; };
		B6E8CFFC2A49B7F9007FFB1E /* TaskMO+CoreDataProperties.swift */ = {isa = PBXFileReference; lastKnownFileType = sourcecode.swift; path = "TaskMO+CoreDataProperties.swift"; sourceTree = "<group>"; };
		B6E8CFFF2A49C285007FFB1E /* TasksView.swift */ = {isa = PBXFileReference; lastKnownFileType = sourcecode.swift; path = TasksView.swift; sourceTree = "<group>"; };
		B6E8D0012A49DD45007FFB1E /* DeleteTaskService.swift */ = {isa = PBXFileReference; lastKnownFileType = sourcecode.swift; path = DeleteTaskService.swift; sourceTree = "<group>"; };
		B6E8D0032A49E5AB007FFB1E /* ChangeTaskService.swift */ = {isa = PBXFileReference; lastKnownFileType = sourcecode.swift; path = ChangeTaskService.swift; sourceTree = "<group>"; };
		B6E8D0052A49F912007FFB1E /* TaskItemView.swift */ = {isa = PBXFileReference; lastKnownFileType = sourcecode.swift; path = TaskItemView.swift; sourceTree = "<group>"; };
		B6E8D0082A4AB985007FFB1E /* TaskDetailViewModel.swift */ = {isa = PBXFileReference; lastKnownFileType = sourcecode.swift; path = TaskDetailViewModel.swift; sourceTree = "<group>"; };
		B6E8D00A2A4AB997007FFB1E /* TaskDetailViewController.swift */ = {isa = PBXFileReference; lastKnownFileType = sourcecode.swift; path = TaskDetailViewController.swift; sourceTree = "<group>"; };
		B6E8D00C2A4AB9A5007FFB1E /* TaskDetailView.swift */ = {isa = PBXFileReference; lastKnownFileType = sourcecode.swift; path = TaskDetailView.swift; sourceTree = "<group>"; };
		B6E8D00E2A4AB9C7007FFB1E /* TaskDetailAssembly.swift */ = {isa = PBXFileReference; lastKnownFileType = sourcecode.swift; path = TaskDetailAssembly.swift; sourceTree = "<group>"; };
/* End PBXFileReference section */

/* Begin PBXFrameworksBuildPhase section */
		B63E89752A497A20008EA14E /* Frameworks */ = {
			isa = PBXFrameworksBuildPhase;
			buildActionMask = 2147483647;
			files = (
				B6E8CFE92A499564007FFB1E /* Components in Frameworks */,
			);
			runOnlyForDeploymentPostprocessing = 0;
		};
		B63E898E2A497A22008EA14E /* Frameworks */ = {
			isa = PBXFrameworksBuildPhase;
			buildActionMask = 2147483647;
			files = (
			);
			runOnlyForDeploymentPostprocessing = 0;
		};
		B63E89982A497A22008EA14E /* Frameworks */ = {
			isa = PBXFrameworksBuildPhase;
			buildActionMask = 2147483647;
			files = (
			);
			runOnlyForDeploymentPostprocessing = 0;
		};
/* End PBXFrameworksBuildPhase section */

/* Begin PBXGroup section */
		B63E896F2A497A20008EA14E = {
			isa = PBXGroup;
			children = (
				B6E8CFE12A499198007FFB1E /* Components */,
				B63E897A2A497A20008EA14E /* todo */,
				B63E89942A497A22008EA14E /* todoTests */,
				B63E899E2A497A22008EA14E /* todoUITests */,
				B63E89792A497A20008EA14E /* Products */,
				B63E89F72A49879B008EA14E /* Frameworks */,
			);
			sourceTree = "<group>";
		};
		B63E89792A497A20008EA14E /* Products */ = {
			isa = PBXGroup;
			children = (
				B63E89782A497A20008EA14E /* todo.app */,
				B63E89912A497A22008EA14E /* todoTests.xctest */,
				B63E899B2A497A22008EA14E /* todoUITests.xctest */,
			);
			name = Products;
			sourceTree = "<group>";
		};
		B63E897A2A497A20008EA14E /* todo */ = {
			isa = PBXGroup;
			children = (
				B63E897B2A497A20008EA14E /* AppDelegate.swift */,
				B63E89CF2A498227008EA14E /* CoreDataModel */,
				B63E89CA2A498226008EA14E /* Models */,
				B63E89CD2A498226008EA14E /* Palette */,
				B63E89AF2A498226008EA14E /* Repository */,
				B63E89B12A498226008EA14E /* Screen */,
				B63E89C42A498226008EA14E /* Services */,
				B63E89D52A498227008EA14E /* Tabbar */,
				B63E897D2A497A20008EA14E /* SceneDelegate.swift */,
				B63E89872A497A22008EA14E /* Assets.xcassets */,
				B63E89892A497A22008EA14E /* LaunchScreen.storyboard */,
				B63E898C2A497A22008EA14E /* Info.plist */,
				B63E89842A497A20008EA14E /* todo.xcdatamodeld */,
			);
			path = todo;
			sourceTree = "<group>";
		};
		B63E89942A497A22008EA14E /* todoTests */ = {
			isa = PBXGroup;
			children = (
				B63E89952A497A22008EA14E /* todoTests.swift */,
			);
			path = todoTests;
			sourceTree = "<group>";
		};
		B63E899E2A497A22008EA14E /* todoUITests */ = {
			isa = PBXGroup;
			children = (
				B63E899F2A497A22008EA14E /* todoUITests.swift */,
				B63E89A12A497A22008EA14E /* todoUITestsLaunchTests.swift */,
			);
			path = todoUITests;
			sourceTree = "<group>";
		};
		B63E89AF2A498226008EA14E /* Repository */ = {
			isa = PBXGroup;
			children = (
				B63E89B02A498226008EA14E /* ListItemRepository.swift */,
				B6E8CFF92A49B09A007FFB1E /* TaskRepository.swift */,
			);
			path = Repository;
			sourceTree = "<group>";
		};
		B63E89B12A498226008EA14E /* Screen */ = {
			isa = PBXGroup;
			children = (
				B63E89B22A498226008EA14E /* Home */,
				B63E89B72A498226008EA14E /* ListDetail */,
				B6E8D0102A4ABDF1007FFB1E /* TaskView */,
				B6E8D0072A4AB95D007FFB1E /* TaskDetail */,
				B63E89BC2A498226008EA14E /* ListOption */,
				B63E89C02A498226008EA14E /* Setting */,
			);
			path = Screen;
			sourceTree = "<group>";
		};
		B63E89B22A498226008EA14E /* Home */ = {
			isa = PBXGroup;
			children = (
				B63E89B32A498226008EA14E /* HomeAssembly.swift */,
				B63E89B62A498226008EA14E /* HomeViewController.swift */,
				B63E89B42A498226008EA14E /* HomeViewModel.swift */,
				B63E89B52A498226008EA14E /* HomeView.swift */,
			);
			path = Home;
			sourceTree = "<group>";
		};
		B63E89B72A498226008EA14E /* ListDetail */ = {
			isa = PBXGroup;
			children = (
				B63E89B92A498226008EA14E /* ListDetailAssembly.swift */,
				B63E89BB2A498226008EA14E /* ListDetailViewController.swift */,
				B63E89BA2A498226008EA14E /* ListDetailViewModel.swift */,
				B63E89B82A498226008EA14E /* ListDetailView.swift */,
			);
			path = ListDetail;
			sourceTree = "<group>";
		};
		B63E89BC2A498226008EA14E /* ListOption */ = {
			isa = PBXGroup;
			children = (
				B63E89BD2A498226008EA14E /* ListOptionViewController.swift */,
				B63E89BE2A498226008EA14E /* ListOptionViewModel.swift */,
				B63E89BF2A498226008EA14E /* ListOptionView.swift */,
			);
			path = ListOption;
			sourceTree = "<group>";
		};
		B63E89C02A498226008EA14E /* Setting */ = {
			isa = PBXGroup;
			children = (
				B63E89C12A498226008EA14E /* SettingViewController.swift */,
				B63E89C22A498226008EA14E /* SettingViewModel.swift */,
				B63E89C32A498226008EA14E /* SettingView.swift */,
			);
			path = Setting;
			sourceTree = "<group>";
		};
		B63E89C42A498226008EA14E /* Services */ = {
			isa = PBXGroup;
			children = (
				B6E8CFF02A49A990007FFB1E /* Task */,
				B63E89C52A498226008EA14E /* ListItem */,
			);
			path = Services;
			sourceTree = "<group>";
		};
		B63E89C52A498226008EA14E /* ListItem */ = {
			isa = PBXGroup;
			children = (
				B63E89C62A498226008EA14E /* CreateListItemService.swift */,
				B63E89C72A498226008EA14E /* FetchListItemsService.swift */,
				B63E89C82A498226008EA14E /* DeleteListItemService.swift */,
				B63E89C92A498226008EA14E /* ChangeListItemService.swift */,
			);
			path = ListItem;
			sourceTree = "<group>";
		};
		B63E89CA2A498226008EA14E /* Models */ = {
			isa = PBXGroup;
			children = (
				B63E89CB2A498226008EA14E /* ListItemModelProtocol.swift */,
				B63E89CC2A498226008EA14E /* ListItemModel.swift */,
				B6E8CFF32A49A9D5007FFB1E /* TaskModelProtocol.swift */,
				B6E8CFF52A49AC21007FFB1E /* TaskModel.swift */,
			);
			path = Models;
			sourceTree = "<group>";
		};
		B63E89CD2A498226008EA14E /* Palette */ = {
			isa = PBXGroup;
			children = (
				B63E89CE2A498226008EA14E /* Palette.swift */,
			);
			path = Palette;
			sourceTree = "<group>";
		};
		B63E89CF2A498227008EA14E /* CoreDataModel */ = {
			isa = PBXGroup;
			children = (
				B63E89D02A498227008EA14E /* CoreDataStack.swift */,
				B63E89D12A498227008EA14E /* CoreDataModel.xcdatamodeld */,
				B63E89D32A498227008EA14E /* ListMO+CoreDataClass.swift */,
				B63E89D42A498227008EA14E /* ListMO+CoreDataProperties.swift */,
				B6E8CFFB2A49B7F9007FFB1E /* TaskMO+CoreDataClass.swift */,
				B6E8CFFC2A49B7F9007FFB1E /* TaskMO+CoreDataProperties.swift */,
			);
			path = CoreDataModel;
			sourceTree = "<group>";
		};
		B63E89D52A498227008EA14E /* Tabbar */ = {
			isa = PBXGroup;
			children = (
				B63E89D62A498227008EA14E /* TabbarController.swift */,
			);
			path = Tabbar;
			sourceTree = "<group>";
		};
		B63E89F72A49879B008EA14E /* Frameworks */ = {
			isa = PBXGroup;
			children = (
			);
			name = Frameworks;
			sourceTree = "<group>";
		};
		B6E8CFF02A49A990007FFB1E /* Task */ = {
			isa = PBXGroup;
			children = (
				B6E8CFF12A49A9A5007FFB1E /* CreateTaskService.swift */,
				B6E8CFF72A49ADA5007FFB1E /* FetchTaskService.swift */,
				B6E8D0012A49DD45007FFB1E /* DeleteTaskService.swift */,
				B6E8D0032A49E5AB007FFB1E /* ChangeTaskService.swift */,
			);
			path = Task;
			sourceTree = "<group>";
		};
		B6E8D0072A4AB95D007FFB1E /* TaskDetail */ = {
			isa = PBXGroup;
			children = (
				B6E8D00E2A4AB9C7007FFB1E /* TaskDetailAssembly.swift */,
				B6E8D00A2A4AB997007FFB1E /* TaskDetailViewController.swift */,
				B6E8D0082A4AB985007FFB1E /* TaskDetailViewModel.swift */,
				B6E8D00C2A4AB9A5007FFB1E /* TaskDetailView.swift */,
			);
			path = TaskDetail;
			sourceTree = "<group>";
		};
		B6E8D0102A4ABDF1007FFB1E /* TaskView */ = {
			isa = PBXGroup;
			children = (
				B6E8CFFF2A49C285007FFB1E /* TasksView.swift */,
				B6E8D0052A49F912007FFB1E /* TaskItemView.swift */,
			);
			path = TaskView;
			sourceTree = "<group>";
		};
/* End PBXGroup section */

/* Begin PBXNativeTarget section */
		B63E89772A497A20008EA14E /* todo */ = {
			isa = PBXNativeTarget;
			buildConfigurationList = B63E89A52A497A22008EA14E /* Build configuration list for PBXNativeTarget "todo" */;
			buildPhases = (
				B63E89742A497A20008EA14E /* Sources */,
				B63E89752A497A20008EA14E /* Frameworks */,
				B63E89762A497A20008EA14E /* Resources */,
			);
			buildRules = (
			);
			dependencies = (
			);
			name = todo;
			packageProductDependencies = (
				B6E8CFE82A499564007FFB1E /* Components */,
			);
			productName = todo;
			productReference = B63E89782A497A20008EA14E /* todo.app */;
			productType = "com.apple.product-type.application";
		};
		B63E89902A497A22008EA14E /* todoTests */ = {
			isa = PBXNativeTarget;
			buildConfigurationList = B63E89A82A497A22008EA14E /* Build configuration list for PBXNativeTarget "todoTests" */;
			buildPhases = (
				B63E898D2A497A22008EA14E /* Sources */,
				B63E898E2A497A22008EA14E /* Frameworks */,
				B63E898F2A497A22008EA14E /* Resources */,
			);
			buildRules = (
			);
			dependencies = (
				B63E89932A497A22008EA14E /* PBXTargetDependency */,
			);
			name = todoTests;
			productName = todoTests;
			productReference = B63E89912A497A22008EA14E /* todoTests.xctest */;
			productType = "com.apple.product-type.bundle.unit-test";
		};
		B63E899A2A497A22008EA14E /* todoUITests */ = {
			isa = PBXNativeTarget;
			buildConfigurationList = B63E89AB2A497A22008EA14E /* Build configuration list for PBXNativeTarget "todoUITests" */;
			buildPhases = (
				B63E89972A497A22008EA14E /* Sources */,
				B63E89982A497A22008EA14E /* Frameworks */,
				B63E89992A497A22008EA14E /* Resources */,
			);
			buildRules = (
			);
			dependencies = (
				B63E899D2A497A22008EA14E /* PBXTargetDependency */,
			);
			name = todoUITests;
			productName = todoUITests;
			productReference = B63E899B2A497A22008EA14E /* todoUITests.xctest */;
			productType = "com.apple.product-type.bundle.ui-testing";
		};
/* End PBXNativeTarget section */

/* Begin PBXProject section */
		B63E89702A497A20008EA14E /* Project object */ = {
			isa = PBXProject;
			attributes = {
				BuildIndependentTargetsInParallel = 1;
				LastSwiftUpdateCheck = 1410;
				LastUpgradeCheck = 1410;
				TargetAttributes = {
					B63E89772A497A20008EA14E = {
						CreatedOnToolsVersion = 14.1;
					};
					B63E89902A497A22008EA14E = {
						CreatedOnToolsVersion = 14.1;
						TestTargetID = B63E89772A497A20008EA14E;
					};
					B63E899A2A497A22008EA14E = {
						CreatedOnToolsVersion = 14.1;
						TestTargetID = B63E89772A497A20008EA14E;
					};
				};
			};
			buildConfigurationList = B63E89732A497A20008EA14E /* Build configuration list for PBXProject "todo" */;
			compatibilityVersion = "Xcode 14.0";
			developmentRegion = en;
			hasScannedForEncodings = 0;
			knownRegions = (
				en,
				Base,
			);
			mainGroup = B63E896F2A497A20008EA14E;
			productRefGroup = B63E89792A497A20008EA14E /* Products */;
			projectDirPath = "";
			projectRoot = "";
			targets = (
				B63E89772A497A20008EA14E /* todo */,
				B63E89902A497A22008EA14E /* todoTests */,
				B63E899A2A497A22008EA14E /* todoUITests */,
			);
		};
/* End PBXProject section */

/* Begin PBXResourcesBuildPhase section */
		B63E89762A497A20008EA14E /* Resources */ = {
			isa = PBXResourcesBuildPhase;
			buildActionMask = 2147483647;
			files = (
				B63E898B2A497A22008EA14E /* LaunchScreen.storyboard in Resources */,
				B63E89882A497A22008EA14E /* Assets.xcassets in Resources */,
			);
			runOnlyForDeploymentPostprocessing = 0;
		};
		B63E898F2A497A22008EA14E /* Resources */ = {
			isa = PBXResourcesBuildPhase;
			buildActionMask = 2147483647;
			files = (
			);
			runOnlyForDeploymentPostprocessing = 0;
		};
		B63E89992A497A22008EA14E /* Resources */ = {
			isa = PBXResourcesBuildPhase;
			buildActionMask = 2147483647;
			files = (
			);
			runOnlyForDeploymentPostprocessing = 0;
		};
/* End PBXResourcesBuildPhase section */

/* Begin PBXSourcesBuildPhase section */
		B63E89742A497A20008EA14E /* Sources */ = {
			isa = PBXSourcesBuildPhase;
			buildActionMask = 2147483647;
			files = (
				B63E897C2A497A20008EA14E /* AppDelegate.swift in Sources */,
				B6E8CFFE2A49B7F9007FFB1E /* TaskMO+CoreDataProperties.swift in Sources */,
				B63E89E12A498227008EA14E /* ListOptionViewModel.swift in Sources */,
				B63E89EC2A498227008EA14E /* Palette.swift in Sources */,
				B63E89DA2A498227008EA14E /* HomeView.swift in Sources */,
				B6E8CFFD2A49B7F9007FFB1E /* TaskMO+CoreDataClass.swift in Sources */,
				B6E8D0022A49DD45007FFB1E /* DeleteTaskService.swift in Sources */,
				B63E89E52A498227008EA14E /* SettingView.swift in Sources */,
				B63E89E32A498227008EA14E /* SettingViewController.swift in Sources */,
				B6E8CFF22A49A9A5007FFB1E /* CreateTaskService.swift in Sources */,
				B6E8D0002A49C285007FFB1E /* TasksView.swift in Sources */,
				B63E89F02A498227008EA14E /* ListMO+CoreDataProperties.swift in Sources */,
				B63E89E02A498227008EA14E /* ListOptionViewController.swift in Sources */,
				B63E89D92A498227008EA14E /* HomeViewModel.swift in Sources */,
				B63E89E42A498227008EA14E /* SettingViewModel.swift in Sources */,
				B63E89E92A498227008EA14E /* ChangeListItemService.swift in Sources */,
				B63E89DF2A498227008EA14E /* ListDetailViewController.swift in Sources */,
				B6E8CFF82A49ADA5007FFB1E /* FetchTaskService.swift in Sources */,
				B6E8D0042A49E5AB007FFB1E /* ChangeTaskService.swift in Sources */,
				B63E89EB2A498227008EA14E /* ListItemModel.swift in Sources */,
				B63E89F12A498227008EA14E /* TabbarController.swift in Sources */,
				B63E89DB2A498227008EA14E /* HomeViewController.swift in Sources */,
				B63E89E82A498227008EA14E /* DeleteListItemService.swift in Sources */,
				B6E8D00B2A4AB997007FFB1E /* TaskDetailViewController.swift in Sources */,
				B63E89EE2A498227008EA14E /* CoreDataModel.xcdatamodeld in Sources */,
				B6E8CFF42A49A9D5007FFB1E /* TaskModelProtocol.swift in Sources */,
				B63E89E62A498227008EA14E /* CreateListItemService.swift in Sources */,
				B6E8CFFA2A49B09A007FFB1E /* TaskRepository.swift in Sources */,
				B63E89DD2A498227008EA14E /* ListDetailAssembly.swift in Sources */,
				B63E897E2A497A20008EA14E /* SceneDelegate.swift in Sources */,
				B63E89E22A498227008EA14E /* ListOptionView.swift in Sources */,
				B63E89EA2A498227008EA14E /* ListItemModelProtocol.swift in Sources */,
				B63E89ED2A498227008EA14E /* CoreDataStack.swift in Sources */,
				B6E8D0092A4AB985007FFB1E /* TaskDetailViewModel.swift in Sources */,
				B6E8CFF62A49AC21007FFB1E /* TaskModel.swift in Sources */,
				B63E89D82A498227008EA14E /* HomeAssembly.swift in Sources */,
				B6E8D00D2A4AB9A5007FFB1E /* TaskDetailView.swift in Sources */,
				B6E8D00F2A4AB9C7007FFB1E /* TaskDetailAssembly.swift in Sources */,
				B63E89E72A498227008EA14E /* FetchListItemsService.swift in Sources */,
				B63E89DE2A498227008EA14E /* ListDetailViewModel.swift in Sources */,
				B63E89DC2A498227008EA14E /* ListDetailView.swift in Sources */,
				B63E89EF2A498227008EA14E /* ListMO+CoreDataClass.swift in Sources */,
				B63E89D72A498227008EA14E /* ListItemRepository.swift in Sources */,
				B63E89862A497A20008EA14E /* todo.xcdatamodeld in Sources */,
				B6E8D0062A49F912007FFB1E /* TaskItemView.swift in Sources */,
			);
			runOnlyForDeploymentPostprocessing = 0;
		};
		B63E898D2A497A22008EA14E /* Sources */ = {
			isa = PBXSourcesBuildPhase;
			buildActionMask = 2147483647;
			files = (
				B63E89962A497A22008EA14E /* todoTests.swift in Sources */,
			);
			runOnlyForDeploymentPostprocessing = 0;
		};
		B63E89972A497A22008EA14E /* Sources */ = {
			isa = PBXSourcesBuildPhase;
			buildActionMask = 2147483647;
			files = (
				B63E89A22A497A22008EA14E /* todoUITestsLaunchTests.swift in Sources */,
				B63E89A02A497A22008EA14E /* todoUITests.swift in Sources */,
			);
			runOnlyForDeploymentPostprocessing = 0;
		};
/* End PBXSourcesBuildPhase section */

/* Begin PBXTargetDependency section */
		B63E89932A497A22008EA14E /* PBXTargetDependency */ = {
			isa = PBXTargetDependency;
			target = B63E89772A497A20008EA14E /* todo */;
			targetProxy = B63E89922A497A22008EA14E /* PBXContainerItemProxy */;
		};
		B63E899D2A497A22008EA14E /* PBXTargetDependency */ = {
			isa = PBXTargetDependency;
			target = B63E89772A497A20008EA14E /* todo */;
			targetProxy = B63E899C2A497A22008EA14E /* PBXContainerItemProxy */;
		};
/* End PBXTargetDependency section */

/* Begin PBXVariantGroup section */
		B63E89892A497A22008EA14E /* LaunchScreen.storyboard */ = {
			isa = PBXVariantGroup;
			children = (
				B63E898A2A497A22008EA14E /* Base */,
			);
			name = LaunchScreen.storyboard;
			sourceTree = "<group>";
		};
/* End PBXVariantGroup section */

/* Begin XCBuildConfiguration section */
		B63E89A32A497A22008EA14E /* Debug */ = {
			isa = XCBuildConfiguration;
			buildSettings = {
				ALWAYS_SEARCH_USER_PATHS = NO;
				CLANG_ANALYZER_NONNULL = YES;
				CLANG_ANALYZER_NUMBER_OBJECT_CONVERSION = YES_AGGRESSIVE;
				CLANG_CXX_LANGUAGE_STANDARD = "gnu++20";
				CLANG_ENABLE_MODULES = YES;
				CLANG_ENABLE_OBJC_ARC = YES;
				CLANG_ENABLE_OBJC_WEAK = YES;
				CLANG_WARN_BLOCK_CAPTURE_AUTORELEASING = YES;
				CLANG_WARN_BOOL_CONVERSION = YES;
				CLANG_WARN_COMMA = YES;
				CLANG_WARN_CONSTANT_CONVERSION = YES;
				CLANG_WARN_DEPRECATED_OBJC_IMPLEMENTATIONS = YES;
				CLANG_WARN_DIRECT_OBJC_ISA_USAGE = YES_ERROR;
				CLANG_WARN_DOCUMENTATION_COMMENTS = YES;
				CLANG_WARN_EMPTY_BODY = YES;
				CLANG_WARN_ENUM_CONVERSION = YES;
				CLANG_WARN_INFINITE_RECURSION = YES;
				CLANG_WARN_INT_CONVERSION = YES;
				CLANG_WARN_NON_LITERAL_NULL_CONVERSION = YES;
				CLANG_WARN_OBJC_IMPLICIT_RETAIN_SELF = YES;
				CLANG_WARN_OBJC_LITERAL_CONVERSION = YES;
				CLANG_WARN_OBJC_ROOT_CLASS = YES_ERROR;
				CLANG_WARN_QUOTED_INCLUDE_IN_FRAMEWORK_HEADER = YES;
				CLANG_WARN_RANGE_LOOP_ANALYSIS = YES;
				CLANG_WARN_STRICT_PROTOTYPES = YES;
				CLANG_WARN_SUSPICIOUS_MOVE = YES;
				CLANG_WARN_UNGUARDED_AVAILABILITY = YES_AGGRESSIVE;
				CLANG_WARN_UNREACHABLE_CODE = YES;
				CLANG_WARN__DUPLICATE_METHOD_MATCH = YES;
				COPY_PHASE_STRIP = NO;
				DEBUG_INFORMATION_FORMAT = dwarf;
				ENABLE_STRICT_OBJC_MSGSEND = YES;
				ENABLE_TESTABILITY = YES;
				GCC_C_LANGUAGE_STANDARD = gnu11;
				GCC_DYNAMIC_NO_PIC = NO;
				GCC_NO_COMMON_BLOCKS = YES;
				GCC_OPTIMIZATION_LEVEL = 0;
				GCC_PREPROCESSOR_DEFINITIONS = (
					"DEBUG=1",
					"$(inherited)",
				);
				GCC_WARN_64_TO_32_BIT_CONVERSION = YES;
				GCC_WARN_ABOUT_RETURN_TYPE = YES_ERROR;
				GCC_WARN_UNDECLARED_SELECTOR = YES;
				GCC_WARN_UNINITIALIZED_AUTOS = YES_AGGRESSIVE;
				GCC_WARN_UNUSED_FUNCTION = YES;
				GCC_WARN_UNUSED_VARIABLE = YES;
				IPHONEOS_DEPLOYMENT_TARGET = 15.0;
				MTL_ENABLE_DEBUG_INFO = INCLUDE_SOURCE;
				MTL_FAST_MATH = YES;
				ONLY_ACTIVE_ARCH = YES;
				SDKROOT = iphoneos;
				SWIFT_ACTIVE_COMPILATION_CONDITIONS = DEBUG;
				SWIFT_OPTIMIZATION_LEVEL = "-Onone";
			};
			name = Debug;
		};
		B63E89A42A497A22008EA14E /* Release */ = {
			isa = XCBuildConfiguration;
			buildSettings = {
				ALWAYS_SEARCH_USER_PATHS = NO;
				CLANG_ANALYZER_NONNULL = YES;
				CLANG_ANALYZER_NUMBER_OBJECT_CONVERSION = YES_AGGRESSIVE;
				CLANG_CXX_LANGUAGE_STANDARD = "gnu++20";
				CLANG_ENABLE_MODULES = YES;
				CLANG_ENABLE_OBJC_ARC = YES;
				CLANG_ENABLE_OBJC_WEAK = YES;
				CLANG_WARN_BLOCK_CAPTURE_AUTORELEASING = YES;
				CLANG_WARN_BOOL_CONVERSION = YES;
				CLANG_WARN_COMMA = YES;
				CLANG_WARN_CONSTANT_CONVERSION = YES;
				CLANG_WARN_DEPRECATED_OBJC_IMPLEMENTATIONS = YES;
				CLANG_WARN_DIRECT_OBJC_ISA_USAGE = YES_ERROR;
				CLANG_WARN_DOCUMENTATION_COMMENTS = YES;
				CLANG_WARN_EMPTY_BODY = YES;
				CLANG_WARN_ENUM_CONVERSION = YES;
				CLANG_WARN_INFINITE_RECURSION = YES;
				CLANG_WARN_INT_CONVERSION = YES;
				CLANG_WARN_NON_LITERAL_NULL_CONVERSION = YES;
				CLANG_WARN_OBJC_IMPLICIT_RETAIN_SELF = YES;
				CLANG_WARN_OBJC_LITERAL_CONVERSION = YES;
				CLANG_WARN_OBJC_ROOT_CLASS = YES_ERROR;
				CLANG_WARN_QUOTED_INCLUDE_IN_FRAMEWORK_HEADER = YES;
				CLANG_WARN_RANGE_LOOP_ANALYSIS = YES;
				CLANG_WARN_STRICT_PROTOTYPES = YES;
				CLANG_WARN_SUSPICIOUS_MOVE = YES;
				CLANG_WARN_UNGUARDED_AVAILABILITY = YES_AGGRESSIVE;
				CLANG_WARN_UNREACHABLE_CODE = YES;
				CLANG_WARN__DUPLICATE_METHOD_MATCH = YES;
				COPY_PHASE_STRIP = NO;
				DEBUG_INFORMATION_FORMAT = "dwarf-with-dsym";
				ENABLE_NS_ASSERTIONS = NO;
				ENABLE_STRICT_OBJC_MSGSEND = YES;
				GCC_C_LANGUAGE_STANDARD = gnu11;
				GCC_NO_COMMON_BLOCKS = YES;
				GCC_WARN_64_TO_32_BIT_CONVERSION = YES;
				GCC_WARN_ABOUT_RETURN_TYPE = YES_ERROR;
				GCC_WARN_UNDECLARED_SELECTOR = YES;
				GCC_WARN_UNINITIALIZED_AUTOS = YES_AGGRESSIVE;
				GCC_WARN_UNUSED_FUNCTION = YES;
				GCC_WARN_UNUSED_VARIABLE = YES;
				IPHONEOS_DEPLOYMENT_TARGET = 15.0;
				MTL_ENABLE_DEBUG_INFO = NO;
				MTL_FAST_MATH = YES;
				SDKROOT = iphoneos;
				SWIFT_COMPILATION_MODE = wholemodule;
				SWIFT_OPTIMIZATION_LEVEL = "-O";
				VALIDATE_PRODUCT = YES;
			};
			name = Release;
		};
		B63E89A62A497A22008EA14E /* Debug */ = {
			isa = XCBuildConfiguration;
			buildSettings = {
				ASSETCATALOG_COMPILER_APPICON_NAME = AppIcon;
				ASSETCATALOG_COMPILER_GLOBAL_ACCENT_COLOR_NAME = AccentColor;
				CODE_SIGN_STYLE = Automatic;
				CURRENT_PROJECT_VERSION = 1;
				DEVELOPMENT_TEAM = L39SDL9LW6;
				GENERATE_INFOPLIST_FILE = YES;
				INFOPLIST_FILE = todo/Info.plist;
				INFOPLIST_KEY_UIApplicationSupportsIndirectInputEvents = YES;
				INFOPLIST_KEY_UILaunchStoryboardName = LaunchScreen;
				INFOPLIST_KEY_UISupportedInterfaceOrientations_iPad = "UIInterfaceOrientationPortrait UIInterfaceOrientationPortraitUpsideDown UIInterfaceOrientationLandscapeLeft UIInterfaceOrientationLandscapeRight";
				INFOPLIST_KEY_UISupportedInterfaceOrientations_iPhone = "UIInterfaceOrientationPortrait UIInterfaceOrientationLandscapeLeft UIInterfaceOrientationLandscapeRight";
				LD_RUNPATH_SEARCH_PATHS = (
					"$(inherited)",
					"@executable_path/Frameworks",
				);
				MARKETING_VERSION = 1.0;
				PRODUCT_BUNDLE_IDENTIFIER = com.example.developing.todo.todo;
				PRODUCT_NAME = "$(TARGET_NAME)";
				SWIFT_EMIT_LOC_STRINGS = YES;
				SWIFT_VERSION = 5.0;
				TARGETED_DEVICE_FAMILY = "1,2";
			};
			name = Debug;
		};
		B63E89A72A497A22008EA14E /* Release */ = {
			isa = XCBuildConfiguration;
			buildSettings = {
				ASSETCATALOG_COMPILER_APPICON_NAME = AppIcon;
				ASSETCATALOG_COMPILER_GLOBAL_ACCENT_COLOR_NAME = AccentColor;
				CODE_SIGN_STYLE = Automatic;
				CURRENT_PROJECT_VERSION = 1;
				DEVELOPMENT_TEAM = L39SDL9LW6;
				GENERATE_INFOPLIST_FILE = YES;
				INFOPLIST_FILE = todo/Info.plist;
				INFOPLIST_KEY_UIApplicationSupportsIndirectInputEvents = YES;
				INFOPLIST_KEY_UILaunchStoryboardName = LaunchScreen;
				INFOPLIST_KEY_UISupportedInterfaceOrientations_iPad = "UIInterfaceOrientationPortrait UIInterfaceOrientationPortraitUpsideDown UIInterfaceOrientationLandscapeLeft UIInterfaceOrientationLandscapeRight";
				INFOPLIST_KEY_UISupportedInterfaceOrientations_iPhone = "UIInterfaceOrientationPortrait UIInterfaceOrientationLandscapeLeft UIInterfaceOrientationLandscapeRight";
				LD_RUNPATH_SEARCH_PATHS = (
					"$(inherited)",
					"@executable_path/Frameworks",
				);
				MARKETING_VERSION = 1.0;
				PRODUCT_BUNDLE_IDENTIFIER = com.example.developing.todo.todo;
				PRODUCT_NAME = "$(TARGET_NAME)";
				SWIFT_EMIT_LOC_STRINGS = YES;
				SWIFT_VERSION = 5.0;
				TARGETED_DEVICE_FAMILY = "1,2";
			};
			name = Release;
		};
		B63E89A92A497A22008EA14E /* Debug */ = {
			isa = XCBuildConfiguration;
			buildSettings = {
				ALWAYS_EMBED_SWIFT_STANDARD_LIBRARIES = YES;
				BUNDLE_LOADER = "$(TEST_HOST)";
				CODE_SIGN_STYLE = Automatic;
				CURRENT_PROJECT_VERSION = 1;
				DEVELOPMENT_TEAM = L39SDL9LW6;
				GENERATE_INFOPLIST_FILE = YES;
				IPHONEOS_DEPLOYMENT_TARGET = 15.0;
				MARKETING_VERSION = 1.0;
				PRODUCT_BUNDLE_IDENTIFIER = com.example.developing.todo.todoTests;
				PRODUCT_NAME = "$(TARGET_NAME)";
				SWIFT_EMIT_LOC_STRINGS = NO;
				SWIFT_VERSION = 5.0;
				TARGETED_DEVICE_FAMILY = "1,2";
				TEST_HOST = "$(BUILT_PRODUCTS_DIR)/todo.app/$(BUNDLE_EXECUTABLE_FOLDER_PATH)/todo";
			};
			name = Debug;
		};
		B63E89AA2A497A22008EA14E /* Release */ = {
			isa = XCBuildConfiguration;
			buildSettings = {
				ALWAYS_EMBED_SWIFT_STANDARD_LIBRARIES = YES;
				BUNDLE_LOADER = "$(TEST_HOST)";
				CODE_SIGN_STYLE = Automatic;
				CURRENT_PROJECT_VERSION = 1;
				DEVELOPMENT_TEAM = L39SDL9LW6;
				GENERATE_INFOPLIST_FILE = YES;
				IPHONEOS_DEPLOYMENT_TARGET = 15.0;
				MARKETING_VERSION = 1.0;
				PRODUCT_BUNDLE_IDENTIFIER = com.example.developing.todo.todoTests;
				PRODUCT_NAME = "$(TARGET_NAME)";
				SWIFT_EMIT_LOC_STRINGS = NO;
				SWIFT_VERSION = 5.0;
				TARGETED_DEVICE_FAMILY = "1,2";
				TEST_HOST = "$(BUILT_PRODUCTS_DIR)/todo.app/$(BUNDLE_EXECUTABLE_FOLDER_PATH)/todo";
			};
			name = Release;
		};
		B63E89AC2A497A22008EA14E /* Debug */ = {
			isa = XCBuildConfiguration;
			buildSettings = {
				ALWAYS_EMBED_SWIFT_STANDARD_LIBRARIES = YES;
				CODE_SIGN_STYLE = Automatic;
				CURRENT_PROJECT_VERSION = 1;
				DEVELOPMENT_TEAM = L39SDL9LW6;
				GENERATE_INFOPLIST_FILE = YES;
				MARKETING_VERSION = 1.0;
				PRODUCT_BUNDLE_IDENTIFIER = com.example.developing.todo.todoUITests;
				PRODUCT_NAME = "$(TARGET_NAME)";
				SWIFT_EMIT_LOC_STRINGS = NO;
				SWIFT_VERSION = 5.0;
				TARGETED_DEVICE_FAMILY = "1,2";
				TEST_TARGET_NAME = todo;
			};
			name = Debug;
		};
		B63E89AD2A497A22008EA14E /* Release */ = {
			isa = XCBuildConfiguration;
			buildSettings = {
				ALWAYS_EMBED_SWIFT_STANDARD_LIBRARIES = YES;
				CODE_SIGN_STYLE = Automatic;
				CURRENT_PROJECT_VERSION = 1;
				DEVELOPMENT_TEAM = L39SDL9LW6;
				GENERATE_INFOPLIST_FILE = YES;
				MARKETING_VERSION = 1.0;
				PRODUCT_BUNDLE_IDENTIFIER = com.example.developing.todo.todoUITests;
				PRODUCT_NAME = "$(TARGET_NAME)";
				SWIFT_EMIT_LOC_STRINGS = NO;
				SWIFT_VERSION = 5.0;
				TARGETED_DEVICE_FAMILY = "1,2";
				TEST_TARGET_NAME = todo;
			};
			name = Release;
		};
/* End XCBuildConfiguration section */

/* Begin XCConfigurationList section */
		B63E89732A497A20008EA14E /* Build configuration list for PBXProject "todo" */ = {
			isa = XCConfigurationList;
			buildConfigurations = (
				B63E89A32A497A22008EA14E /* Debug */,
				B63E89A42A497A22008EA14E /* Release */,
			);
			defaultConfigurationIsVisible = 0;
			defaultConfigurationName = Release;
		};
		B63E89A52A497A22008EA14E /* Build configuration list for PBXNativeTarget "todo" */ = {
			isa = XCConfigurationList;
			buildConfigurations = (
				B63E89A62A497A22008EA14E /* Debug */,
				B63E89A72A497A22008EA14E /* Release */,
			);
			defaultConfigurationIsVisible = 0;
			defaultConfigurationName = Release;
		};
		B63E89A82A497A22008EA14E /* Build configuration list for PBXNativeTarget "todoTests" */ = {
			isa = XCConfigurationList;
			buildConfigurations = (
				B63E89A92A497A22008EA14E /* Debug */,
				B63E89AA2A497A22008EA14E /* Release */,
			);
			defaultConfigurationIsVisible = 0;
			defaultConfigurationName = Release;
		};
		B63E89AB2A497A22008EA14E /* Build configuration list for PBXNativeTarget "todoUITests" */ = {
			isa = XCConfigurationList;
			buildConfigurations = (
				B63E89AC2A497A22008EA14E /* Debug */,
				B63E89AD2A497A22008EA14E /* Release */,
			);
			defaultConfigurationIsVisible = 0;
			defaultConfigurationName = Release;
		};
/* End XCConfigurationList section */

/* Begin XCSwiftPackageProductDependency section */
		B6E8CFE82A499564007FFB1E /* Components */ = {
			isa = XCSwiftPackageProductDependency;
			productName = Components;
		};
/* End XCSwiftPackageProductDependency section */

/* Begin XCVersionGroup section */
		B63E89842A497A20008EA14E /* todo.xcdatamodeld */ = {
			isa = XCVersionGroup;
			children = (
				B63E89852A497A20008EA14E /* todo.xcdatamodel */,
			);
			currentVersion = B63E89852A497A20008EA14E /* todo.xcdatamodel */;
			path = todo.xcdatamodeld;
			sourceTree = "<group>";
			versionGroupType = wrapper.xcdatamodel;
		};
		B63E89D12A498227008EA14E /* CoreDataModel.xcdatamodeld */ = {
			isa = XCVersionGroup;
			children = (
				B63E89D22A498227008EA14E /* CoreDataModel.xcdatamodel */,
			);
			currentVersion = B63E89D22A498227008EA14E /* CoreDataModel.xcdatamodel */;
			path = CoreDataModel.xcdatamodeld;
			sourceTree = "<group>";
			versionGroupType = wrapper.xcdatamodel;
		};
/* End XCVersionGroup section */
	};
	rootObject = B63E89702A497A20008EA14E /* Project object */;
}
